
Microsoft Visual Studio Solution File, Format Version 12.00
# Visual Studio 15
VisualStudioVersion = 15.0.28307.489
MinimumVisualStudioVersion = 10.0.40219.1
Project("{FAE04EC0-301F-11D3-BF4B-00C04F79EFBC}") = "AeroGlassChrome_Demo", "AeroGlassChrome_Demo\AeroGlassChrome_Demo.csproj", "{F004705F-E041-4CA9-97F0-7F87EAA863AD}"
EndProject
Project("{FAE04EC0-301F-11D3-BF4B-00C04F79EFBC}") = "WindowChromes", "WindowChromes\WindowChromes.csproj", "{849957A8-2E34-4DF7-9E1C-04525871A532}"
EndProject
Project("{FAE04EC0-301F-11D3-BF4B-00C04F79EFBC}") = "AcrylicChrome_Demo", "AcrylicChrome_Demo\AcrylicChrome_Demo.csproj", "{3C82D719-0D26-41E6-B2A6-6FFD691626C3}"
EndProject
Project("{FAE04EC0-301F-11D3-BF4B-00C04F79EFBC}") = "TitleBar_Demo", "TitleBar_Demo\TitleBar_Demo.csproj", "{6A6C8C9E-C4BA-498E-BCC3-46C47F154F41}"
EndProject
Global
	GlobalSection(SolutionConfigurationPlatforms) = preSolution
		Debug|Any CPU = Debug|Any CPU
		Release|Any CPU = Release|Any CPU
	EndGlobalSection
	GlobalSection(ProjectConfigurationPlatforms) = postSolution
		{F004705F-E041-4CA9-97F0-7F87EAA863AD}.Debug|Any CPU.ActiveCfg = Debug|Any CPU
		{F004705F-E041-4CA9-97F0-7F87EAA863AD}.Debug|Any CPU.Build.0 = Debug|Any CPU
		{F004705F-E041-4CA9-97F0-7F87EAA863AD}.Release|Any CPU.ActiveCfg = Release|Any CPU
		{F004705F-E041-4CA9-97F0-7F87EAA863AD}.Release|Any CPU.Build.0 = Release|Any CPU
		{849957A8-2E34-4DF7-9E1C-04525871A532}.Debug|Any CPU.ActiveCfg = Debug|Any CPU
		{849957A8-2E34-4DF7-9E1C-04525871A532}.Debug|Any CPU.Build.0 = Debug|Any CPU
		{849957A8-2E34-4DF7-9E1C-04525871A532}.Release|Any CPU.ActiveCfg = Release|Any CPU
		{849957A8-2E34-4DF7-9E1C-04525871A532}.Release|Any CPU.Build.0 = Release|Any CPU
		{3C82D719-0D26-41E6-B2A6-6FFD691626C3}.Debug|Any CPU.ActiveCfg = Debug|Any CPU
		{3C82D719-0D26-41E6-B2A6-6FFD691626C3}.Debug|Any CPU.Build.0 = Debug|Any CPU
		{3C82D719-0D26-41E6-B2A6-6FFD691626C3}.Release|Any CPU.ActiveCfg = Release|Any CPU
		{3C82D719-0D26-41E6-B2A6-6FFD691626C3}.Release|Any CPU.Build.0 = Release|Any CPU
		{6A6C8C9E-C4BA-498E-BCC3-46C47F154F41}.Debug|Any CPU.ActiveCfg = Debug|Any CPU
		{6A6C8C9E-C4BA-498E-BCC3-46C47F154F41}.Debug|Any CPU.Build.0 = Debug|Any CPU
		{6A6C8C9E-C4BA-498E-BCC3-46C47F154F41}.Release|Any CPU.ActiveCfg = Release|Any CPU
		{6A6C8C9E-C4BA-498E-BCC3-46C47F154F41}.Release|Any CPU.Build.0 = Release|Any CPU
	EndGlobalSection
	GlobalSection(SolutionProperties) = preSolution
		HideSolutionNode = FALSE
	EndGlobalSection
	GlobalSection(ExtensibilityGlobals) = postSolution
		SolutionGuid = {4669F859-001A-43EC-AA8E-A23BAB15ADB8}
	EndGlobalSection
EndGlobal
